<Solution>
  <Folder Name="/examples/">
    <Project Path="examples/Examples.csproj" />
  </Folder>
  <Folder Name="/src/">
    <Project Path="src/NOpenCode/NOpenCode.csproj" />
  </Folder>
  <Folder Name="/tests/">
    <Project Path="tests/NOpenCode.Tests/NOpenCode.Tests.csproj" />
    <Project Path="tests/NOpenCode.IntegrationTests/NOpenCode.IntegrationTests.csproj" />
  </Folder>
</Solution>
